
Microsoft Visual Studio Solution File, Format Version 12.00
# Visual Studio Version 17
VisualStudioVersion = 17.10.35013.160
MinimumVisualStudioVersion = 10.0.40219.1
Project("{FAE04EC0-301F-11D3-BF4B-00C04F79EFBC}") = "Topic 4 - Assignment", "Topic 4 - Assignment\Topic 4 - Assignment.csproj", "{9F91B7CD-1539-4504-B638-425FAA96B5DD}"
EndProject
Global
	GlobalSection(SolutionConfigurationPlatforms) = preSolution
		Debug|Any CPU = Debug|Any CPU
		Release|Any CPU = Release|Any CPU
	EndGlobalSection
	GlobalSection(ProjectConfigurationPlatforms) = postSolution
		{9F91B7CD-1539-4504-B638-425FAA96B5DD}.Debug|Any CPU.ActiveCfg = Debug|Any CPU
		{9F91B7CD-1539-4504-B638-425FAA96B5DD}.Debug|Any CPU.Build.0 = Debug|Any CPU
		{9F91B7CD-1539-4504-B638-425FAA96B5DD}.Release|Any CPU.ActiveCfg = Release|Any CPU
		{9F91B7CD-1539-4504-B638-425FAA96B5DD}.Release|Any CPU.Build.0 = Release|Any CPU
	EndGlobalSection
	GlobalSection(SolutionProperties) = preSolution
		HideSolutionNode = FALSE
	EndGlobalSection
	GlobalSection(ExtensibilityGlobals) = postSolution
		SolutionGuid = {6A9AA03E-0EE4-4C9E-92E7-4ABFD867C24C}
	EndGlobalSection
EndGlobal
